
Microsoft Visual Studio Solution File, Format Version 12.00
# Visual Studio Version 17
VisualStudioVersion = 17.8.34309.116
MinimumVisualStudioVersion = 10.0.40219.1
Project("{FAE04EC0-301F-11D3-BF4B-00C04F79EFBC}") = "Razorpaycore8", "Razorpaycore8.csproj", "{DD845E13-3E9B-411B-B3C9-269BDE1B9181}"
EndProject
Global
	GlobalSection(SolutionConfigurationPlatforms) = preSolution
		Debug|Any CPU = Debug|Any CPU
		Release|Any CPU = Release|Any CPU
	EndGlobalSection
	GlobalSection(ProjectConfigurationPlatforms) = postSolution
		{DD845E13-3E9B-411B-B3C9-269BDE1B9181}.Debug|Any CPU.ActiveCfg = Debug|Any CPU
		{DD845E13-3E9B-411B-B3C9-269BDE1B9181}.Debug|Any CPU.Build.0 = Debug|Any CPU
		{DD845E13-3E9B-411B-B3C9-269BDE1B9181}.Release|Any CPU.ActiveCfg = Release|Any CPU
		{DD845E13-3E9B-411B-B3C9-269BDE1B9181}.Release|Any CPU.Build.0 = Release|Any CPU
	EndGlobalSection
	GlobalSection(SolutionProperties) = preSolution
		HideSolutionNode = FALSE
	EndGlobalSection
	GlobalSection(ExtensibilityGlobals) = postSolution
		SolutionGuid = {B712C471-A608-47F0-A693-188F5E89C417}
	EndGlobalSection
EndGlobal
